
Microsoft Visual Studio Solution File, Format Version 12.00
# Visual Studio Version 17
VisualStudioVersion = 17.6.33829.357
MinimumVisualStudioVersion = 10.0.40219.1
Project("{9A19103F-16F7-4668-BE54-9A1E7A4F7556}") = "MultiLingualWASMLab.Server", "MultiLingualWASMLab\Server\MultiLingualWASMLab.Server.csproj", "{1792D073-3EE3-4610-96A9-2873B4806318}"
EndProject
Project("{9A19103F-16F7-4668-BE54-9A1E7A4F7556}") = "MultiLingualWASMLab.Client", "MultiLingualWASMLab\Client\MultiLingualWASMLab.Client.csproj", "{ED723BB9-E7F3-4CEA-825B-D71A94C9835C}"
EndProject
Project("{9A19103F-16F7-4668-BE54-9A1E7A4F7556}") = "MultiLingualWASMLab.Shared", "MultiLingualWASMLab\Shared\MultiLingualWASMLab.Shared.csproj", "{6211841A-AB5D-410D-8304-8377A732F69B}"
EndProject
Global
	GlobalSection(SolutionConfigurationPlatforms) = preSolution
		Debug|Any CPU = Debug|Any CPU
		Release|Any CPU = Release|Any CPU
	EndGlobalSection
	GlobalSection(ProjectConfigurationPlatforms) = postSolution
		{1792D073-3EE3-4610-96A9-2873B4806318}.Debug|Any CPU.ActiveCfg = Debug|Any CPU
		{1792D073-3EE3-4610-96A9-2873B4806318}.Debug|Any CPU.Build.0 = Debug|Any CPU
		{1792D073-3EE3-4610-96A9-2873B4806318}.Release|Any CPU.ActiveCfg = Release|Any CPU
		{1792D073-3EE3-4610-96A9-2873B4806318}.Release|Any CPU.Build.0 = Release|Any CPU
		{ED723BB9-E7F3-4CEA-825B-D71A94C9835C}.Debug|Any CPU.ActiveCfg = Debug|Any CPU
		{ED723BB9-E7F3-4CEA-825B-D71A94C9835C}.Debug|Any CPU.Build.0 = Debug|Any CPU
		{ED723BB9-E7F3-4CEA-825B-D71A94C9835C}.Release|Any CPU.ActiveCfg = Release|Any CPU
		{ED723BB9-E7F3-4CEA-825B-D71A94C9835C}.Release|Any CPU.Build.0 = Release|Any CPU
		{6211841A-AB5D-410D-8304-8377A732F69B}.Debug|Any CPU.ActiveCfg = Debug|Any CPU
		{6211841A-AB5D-410D-8304-8377A732F69B}.Debug|Any CPU.Build.0 = Debug|Any CPU
		{6211841A-AB5D-410D-8304-8377A732F69B}.Release|Any CPU.ActiveCfg = Release|Any CPU
		{6211841A-AB5D-410D-8304-8377A732F69B}.Release|Any CPU.Build.0 = Release|Any CPU
	EndGlobalSection
	GlobalSection(SolutionProperties) = preSolution
		HideSolutionNode = FALSE
	EndGlobalSection
	GlobalSection(ExtensibilityGlobals) = postSolution
		SolutionGuid = {BD0A154A-EE80-4D49-8589-EAC08B88D7FE}
	EndGlobalSection
EndGlobal
